
Microsoft Visual Studio Solution File, Format Version 12.00
# Visual Studio Version 16
VisualStudioVersion = 16.0.32901.82
MinimumVisualStudioVersion = 10.0.40219.1
Project("{FAE04EC0-301F-11D3-BF4B-00C04F79EFBC}") = "ArfolyamService", "ArfolyamService.csproj", "{DBD9C14E-DCF1-498A-86A1-9CD33EE83CC3}"
EndProject
Global
	GlobalSection(SolutionConfigurationPlatforms) = preSolution
		Debug|Any CPU = Debug|Any CPU
		Release|Any CPU = Release|Any CPU
	EndGlobalSection
	GlobalSection(ProjectConfigurationPlatforms) = postSolution
		{DBD9C14E-DCF1-498A-86A1-9CD33EE83CC3}.Debug|Any CPU.ActiveCfg = Debug|Any CPU
		{DBD9C14E-DCF1-498A-86A1-9CD33EE83CC3}.Debug|Any CPU.Build.0 = Debug|Any CPU
		{DBD9C14E-DCF1-498A-86A1-9CD33EE83CC3}.Release|Any CPU.ActiveCfg = Release|Any CPU
		{DBD9C14E-DCF1-498A-86A1-9CD33EE83CC3}.Release|Any CPU.Build.0 = Release|Any CPU
	EndGlobalSection
	GlobalSection(SolutionProperties) = preSolution
		HideSolutionNode = FALSE
	EndGlobalSection
	GlobalSection(ExtensibilityGlobals) = postSolution
		SolutionGuid = {4ABAE5E7-B864-46FF-A4C4-729EE5E77813}
	EndGlobalSection
EndGlobal
