
Microsoft Visual Studio Solution File, Format Version 12.00
# Visual Studio Version 16
VisualStudioVersion = 16.0.32901.82
MinimumVisualStudioVersion = 10.0.40219.1
Project("{FAE04EC0-301F-11D3-BF4B-00C04F79EFBC}") = "ExcelExport", "ExcelExport.csproj", "{354A1ACB-68C6-40E1-A2FC-EE4B97596B51}"
EndProject
Global
	GlobalSection(SolutionConfigurationPlatforms) = preSolution
		Debug|Any CPU = Debug|Any CPU
		Release|Any CPU = Release|Any CPU
	EndGlobalSection
	GlobalSection(ProjectConfigurationPlatforms) = postSolution
		{354A1ACB-68C6-40E1-A2FC-EE4B97596B51}.Debug|Any CPU.ActiveCfg = Debug|Any CPU
		{354A1ACB-68C6-40E1-A2FC-EE4B97596B51}.Debug|Any CPU.Build.0 = Debug|Any CPU
		{354A1ACB-68C6-40E1-A2FC-EE4B97596B51}.Release|Any CPU.ActiveCfg = Release|Any CPU
		{354A1ACB-68C6-40E1-A2FC-EE4B97596B51}.Release|Any CPU.Build.0 = Release|Any CPU
	EndGlobalSection
	GlobalSection(SolutionProperties) = preSolution
		HideSolutionNode = FALSE
	EndGlobalSection
	GlobalSection(ExtensibilityGlobals) = postSolution
		SolutionGuid = {6FF81B78-8DD4-4853-A97B-32C323867351}
	EndGlobalSection
EndGlobal
