
Microsoft Visual Studio Solution File, Format Version 12.00
# Visual Studio Version 16
VisualStudioVersion = 16.0.31424.327
MinimumVisualStudioVersion = 10.0.40219.1
Project("{FAE04EC0-301F-11D3-BF4B-00C04F79EFBC}") = "MySim", "MySim.csproj", "{0F6CA16A-3FDC-4D73-ACAD-A36A80D29A8F}"
EndProject
Global
	GlobalSection(SolutionConfigurationPlatforms) = preSolution
		Debug|Any CPU = Debug|Any CPU
		Release|Any CPU = Release|Any CPU
	EndGlobalSection
	GlobalSection(ProjectConfigurationPlatforms) = postSolution
		{0F6CA16A-3FDC-4D73-ACAD-A36A80D29A8F}.Debug|Any CPU.ActiveCfg = Debug|Any CPU
		{0F6CA16A-3FDC-4D73-ACAD-A36A80D29A8F}.Debug|Any CPU.Build.0 = Debug|Any CPU
		{0F6CA16A-3FDC-4D73-ACAD-A36A80D29A8F}.Release|Any CPU.ActiveCfg = Release|Any CPU
		{0F6CA16A-3FDC-4D73-ACAD-A36A80D29A8F}.Release|Any CPU.Build.0 = Release|Any CPU
	EndGlobalSection
	GlobalSection(SolutionProperties) = preSolution
		HideSolutionNode = FALSE
	EndGlobalSection
	GlobalSection(ExtensibilityGlobals) = postSolution
		SolutionGuid = {28FA7D34-78AD-4644-A418-66BCE239ADD3}
	EndGlobalSection
EndGlobal
